PODS:
  - Alamofire (4.9.1)
  - SDWebImage (5.8.1):
    - SDWebImage/Core (= 5.8.1)
  - SDWebImage/Core (5.8.1)

DEPENDENCIES:
  - Alamofire (~> 4.9.1)
  - SDWebImage

SPEC REPOS:
  trunk:
    - Alamofire
    - SDWebImage

SPEC CHECKSUMS:
  Alamofire: 85e8a02c69d6020a0d734f6054870d7ecb75cf18
  SDWebImage: e3eae2eda88578db0685a0c88597fdadd9433f05

PODFILE CHECKSUM: d8ea1c439a428e0cd9ca2d51422cc45b64ab4014

COCOAPODS: 1.8.4
